<?xml version="1.0" encoding="utf-8"?>
<Project ToolsVersion="4.0" xmlns="http://schemas.microsoft.com/developer/msbuild/2003">
  <ItemGroup>
    <ClInclude Include="aoratopw.h" />
    <ClInclude Include="..\modules\kull_m_crypto_system.h">
      <Filter>common modules</Filter>
    </ClInclude>
    <ClInclude Include="..\modules\kull_m_file.h">
      <Filter>common modules</Filter>
    </ClInclude>
    <ClInclude Include="..\modules\kull_m_kerberos_asn1_helper.h">
      <Filter>common modules</Filter>
    </ClInclude>
    <ClInclude Include="..\modules\kull_m_kerberos_helper.h">
      <Filter>common modules</Filter>
    </ClInclude>
    <ClInclude Include="..\modules\kull_m_sock.h">
      <Filter>common modules</Filter>
    </ClInclude>
    <ClInclude Include="..\modules\kull_m_string.h">
      <Filter>common modules</Filter>
    </ClInclude>
    <ClInclude Include="globals.h" />
    <ClInclude Include="..\modules\kull_m_crypto_pkinit.h">
      <Filter>common modules</Filter>
    </ClInclude>
    <ClInclude Include="..\modules\kull_m_kerberos_crypto_shared.h">
      <Filter>common modules</Filter>
    </ClInclude>
    <ClInclude Include="..\modules\kull_m_kerberos_asn1.h">
      <Filter>common modules\asn1</Filter>
    </ClInclude>
  </ItemGroup>
  <ItemGroup>
    <ClCompile Include="aoratopw.c" />
    <ClCompile Include="..\modules\kull_m_file.c">
      <Filter>common modules</Filter>
    </ClCompile>
    <ClCompile Include="..\modules\kull_m_kerberos_asn1_helper.c">
      <Filter>common modules</Filter>
    </ClCompile>
    <ClCompile Include="..\modules\kull_m_kerberos_helper.c">
      <Filter>common modules</Filter>
    </ClCompile>
    <ClCompile Include="..\modules\kull_m_sock.c">
      <Filter>common modules</Filter>
    </ClCompile>
    <ClCompile Include="..\modules\kull_m_string.c">
      <Filter>common modules</Filter>
    </ClCompile>
    <ClCompile Include="..\modules\kull_m_crypto_pkinit.c">
      <Filter>common modules</Filter>
    </ClCompile>
    <ClCompile Include="..\modules\kull_m_kerberos_asn1.c">
      <Filter>common modules\asn1</Filter>
    </ClCompile>
  </ItemGroup>
  <ItemGroup>
    <Filter Include="common modules">
      <UniqueIdentifier>{bf330aec-9121-400c-ab30-09c9ac045ced}</UniqueIdentifier>
    </Filter>
    <Filter Include="common modules\asn1">
      <UniqueIdentifier>{5a86e403-e643-48fe-a08e-aafbdc936062}</UniqueIdentifier>
    </Filter>
  </ItemGroup>
  <ItemGroup>
    <None Include="..\modules\kull_m_kerberos_asn1.a1sproj">
      <Filter>common modules\asn1</Filter>
    </None>
    <None Include="..\modules\KerberosV5-PK-INIT-SPEC.asn">
      <Filter>common modules\asn1</Filter>
    </None>
    <None Include="..\modules\KerberosV5Spec2.asn">
      <Filter>common modules\asn1</Filter>
    </None>
    <None Include="..\modules\PKINIT.asn">
      <Filter>common modules\asn1</Filter>
    </None>
    <None Include="..\modules\PKIX1Explicit88.asn">
      <Filter>common modules\asn1</Filter>
    </None>
  </ItemGroup>
</Project>