<?xml version="1.0" encoding="utf-8"?>
<Project ToolsVersion="4.0" xmlns="http://schemas.microsoft.com/developer/msbuild/2003">
  <ItemGroup>
    <ClInclude Include="aoratopw.h" />
    <ClInclude Include="..\modules\kull_m_crypto_system.h">
      <Filter>common modules</Filter>
    </ClInclude>
    <ClInclude Include="..\modules\kull_m_file.h">
      <Filter>common modules</Filter>
    </ClInclude>
    <ClInclude Include="..\modules\kull_m_kerberos_asn1.h">
      <Filter>common modules</Filter>
    </ClInclude>
    <ClInclude Include="..\modules\kull_m_kerberos_asn1_helper.h">
      <Filter>common modules</Filter>
    </ClInclude>
    <ClInclude Include="..\modules\kull_m_kerberos_helper.h">
      <Filter>common modules</Filter>
    </ClInclude>
    <ClInclude Include="..\modules\kull_m_sock.h">
      <Filter>common modules</Filter>
    </ClInclude>
    <ClInclude Include="..\modules\kull_m_string.h">
      <Filter>common modules</Filter>
    </ClInclude>
    <ClInclude Include="globals.h" />
  </ItemGroup>
  <ItemGroup>
    <ClCompile Include="aoratopw.c" />
    <ClCompile Include="..\modules\kull_m_file.c">
      <Filter>common modules</Filter>
    </ClCompile>
    <ClCompile Include="..\modules\kull_m_kerberos_asn1.c">
      <Filter>common modules</Filter>
    </ClCompile>
    <ClCompile Include="..\modules\kull_m_kerberos_asn1_helper.c">
      <Filter>common modules</Filter>
    </ClCompile>
    <ClCompile Include="..\modules\kull_m_kerberos_helper.c">
      <Filter>common modules</Filter>
    </ClCompile>
    <ClCompile Include="..\modules\kull_m_sock.c">
      <Filter>common modules</Filter>
    </ClCompile>
    <ClCompile Include="..\modules\kull_m_string.c">
      <Filter>common modules</Filter>
    </ClCompile>
  </ItemGroup>
  <ItemGroup>
    <Filter Include="common modules">
      <UniqueIdentifier>{bf330aec-9121-400c-ab30-09c9ac045ced}</UniqueIdentifier>
    </Filter>
  </ItemGroup>
  <ItemGroup>
    <None Include="..\modules\kull_m_kerberos_asn1.asn">
      <Filter>common modules</Filter>
    </None>
  </ItemGroup>
</Project>