<?xml version="1.0" encoding="utf-8"?>
<Project ToolsVersion="4.0" xmlns="http://schemas.microsoft.com/developer/msbuild/2003">
  <ItemGroup>
    <Filter Include="common modules">
      <UniqueIdentifier>{115c470a-a42f-43c6-b840-5acf681c0416}</UniqueIdentifier>
    </Filter>
    <Filter Include="common modules\asn1">
      <UniqueIdentifier>{9e0eeec3-745b-4fe7-8c57-6b15c4dcebbd}</UniqueIdentifier>
    </Filter>
  </ItemGroup>
  <ItemGroup>
    <ClCompile Include="..\modules\kull_m_file.c">
      <Filter>common modules</Filter>
    </ClCompile>
    <ClCompile Include="..\modules\kull_m_sock.c">
      <Filter>common modules</Filter>
    </ClCompile>
    <ClCompile Include="..\modules\kull_m_string.c">
      <Filter>common modules</Filter>
    </ClCompile>
    <ClCompile Include="ms14068.c" />
    <ClCompile Include="..\modules\kull_m_kerberos_asn1_helper.c">
      <Filter>common modules</Filter>
    </ClCompile>
    <ClCompile Include="..\modules\kull_m_kerberos_helper.c">
      <Filter>common modules</Filter>
    </ClCompile>
    <ClCompile Include="..\modules\kuhl_m_kerberos_pac.c">
      <Filter>common modules</Filter>
    </ClCompile>
    <ClCompile Include="..\modules\kull_m_rpc.c">
      <Filter>common modules</Filter>
    </ClCompile>
    <ClCompile Include="..\modules\kull_m_rpc_ms-pac.c">
      <Filter>common modules</Filter>
    </ClCompile>
    <ClCompile Include="..\modules\kull_m_crypto_pkinit.c">
      <Filter>common modules</Filter>
    </ClCompile>
    <ClCompile Include="..\modules\kull_m_kerberos_asn1.c">
      <Filter>common modules\asn1</Filter>
    </ClCompile>
  </ItemGroup>
  <ItemGroup>
    <ClInclude Include="..\modules\kull_m_file.h">
      <Filter>common modules</Filter>
    </ClInclude>
    <ClInclude Include="..\modules\kull_m_samlib.h">
      <Filter>common modules</Filter>
    </ClInclude>
    <ClInclude Include="..\modules\kull_m_sock.h">
      <Filter>common modules</Filter>
    </ClInclude>
    <ClInclude Include="..\modules\kull_m_string.h">
      <Filter>common modules</Filter>
    </ClInclude>
    <ClInclude Include="globals.h" />
    <ClInclude Include="ms14068.h" />
    <ClInclude Include="..\modules\kull_m_kerberos_asn1_helper.h">
      <Filter>common modules</Filter>
    </ClInclude>
    <ClInclude Include="..\modules\kull_m_crypto_system.h">
      <Filter>common modules</Filter>
    </ClInclude>
    <ClInclude Include="..\modules\kull_m_kerberos_helper.h">
      <Filter>common modules</Filter>
    </ClInclude>
    <ClInclude Include="..\modules\kuhl_m_kerberos_pac.h">
      <Filter>common modules</Filter>
    </ClInclude>
    <ClInclude Include="..\modules\kull_m_rpc.h">
      <Filter>common modules</Filter>
    </ClInclude>
    <ClInclude Include="..\modules\kull_m_rpc_ms-pac.h">
      <Filter>common modules</Filter>
    </ClInclude>
    <ClInclude Include="..\modules\kull_m_crypto_pkinit.h">
      <Filter>common modules</Filter>
    </ClInclude>
    <ClInclude Include="..\modules\kull_m_kerberos_asn1.h">
      <Filter>common modules\asn1</Filter>
    </ClInclude>
  </ItemGroup>
  <ItemGroup>
    <None Include="..\modules\kull_m_kerberos_asn1.a1sproj">
      <Filter>common modules\asn1</Filter>
    </None>
    <None Include="..\modules\KerberosV5-PK-INIT-SPEC.asn">
      <Filter>common modules\asn1</Filter>
    </None>
    <None Include="..\modules\KerberosV5Spec2.asn">
      <Filter>common modules\asn1</Filter>
    </None>
    <None Include="..\modules\PKINIT.asn">
      <Filter>common modules\asn1</Filter>
    </None>
    <None Include="..\modules\PKIX1Explicit88.asn">
      <Filter>common modules\asn1</Filter>
    </None>
  </ItemGroup>
</Project>