<?xml version="1.0" encoding="utf-8"?>
<Project ToolsVersion="4.0" xmlns="http://schemas.microsoft.com/developer/msbuild/2003">
  <ItemGroup>
    <ClInclude Include="kirbikator.h" />
    <ClInclude Include="globals.h" />
    <ClInclude Include="codecs\ccache.h">
      <Filter>codecs</Filter>
    </ClInclude>
    <ClInclude Include="codecs\krbcred.h">
      <Filter>codecs</Filter>
    </ClInclude>
    <ClInclude Include="codecs\lsa.h">
      <Filter>codecs</Filter>
    </ClInclude>
    <ClInclude Include="..\modules\kull_m_file.h">
      <Filter>common modules</Filter>
    </ClInclude>
    <ClInclude Include="..\modules\kull_m_kerberos_asn1_helper.h">
      <Filter>common modules</Filter>
    </ClInclude>
    <ClInclude Include="..\modules\kull_m_string.h">
      <Filter>common modules</Filter>
    </ClInclude>
    <ClInclude Include="..\modules\kull_m_crypto_system.h">
      <Filter>common modules</Filter>
    </ClInclude>
    <ClInclude Include="..\modules\kull_m_kerberos_helper.h">
      <Filter>common modules</Filter>
    </ClInclude>
    <ClInclude Include="..\modules\kull_m_sock.h">
      <Filter>common modules</Filter>
    </ClInclude>
    <ClInclude Include="codecs\wce.h">
      <Filter>codecs</Filter>
    </ClInclude>
    <ClInclude Include="..\modules\kull_m_crypto_pkinit.h">
      <Filter>common modules</Filter>
    </ClInclude>
    <ClInclude Include="..\modules\kull_m_kerberos_crypto_shared.h">
      <Filter>common modules</Filter>
    </ClInclude>
    <ClInclude Include="..\modules\kull_m_kerberos_asn1.h">
      <Filter>common modules\asn1</Filter>
    </ClInclude>
  </ItemGroup>
  <ItemGroup>
    <ClCompile Include="kirbikator.c" />
    <ClCompile Include="codecs\ccache.c">
      <Filter>codecs</Filter>
    </ClCompile>
    <ClCompile Include="codecs\krbcred.c">
      <Filter>codecs</Filter>
    </ClCompile>
    <ClCompile Include="codecs\lsa.c">
      <Filter>codecs</Filter>
    </ClCompile>
    <ClCompile Include="..\modules\kull_m_file.c">
      <Filter>common modules</Filter>
    </ClCompile>
    <ClCompile Include="..\modules\kull_m_kerberos_asn1_helper.c">
      <Filter>common modules</Filter>
    </ClCompile>
    <ClCompile Include="..\modules\kull_m_string.c">
      <Filter>common modules</Filter>
    </ClCompile>
    <ClCompile Include="..\modules\kull_m_kerberos_helper.c">
      <Filter>common modules</Filter>
    </ClCompile>
    <ClCompile Include="..\modules\kull_m_sock.c">
      <Filter>common modules</Filter>
    </ClCompile>
    <ClCompile Include="codecs\wce.c">
      <Filter>codecs</Filter>
    </ClCompile>
    <ClCompile Include="..\modules\kull_m_crypto_pkinit.c">
      <Filter>common modules</Filter>
    </ClCompile>
    <ClCompile Include="..\modules\kull_m_kerberos_asn1.c">
      <Filter>common modules\asn1</Filter>
    </ClCompile>
  </ItemGroup>
  <ItemGroup>
    <Filter Include="common modules">
      <UniqueIdentifier>{c37e7d68-c797-4f17-987e-c58802e747ef}</UniqueIdentifier>
    </Filter>
    <Filter Include="codecs">
      <UniqueIdentifier>{8dc27375-d545-4393-9b1a-496c17fd4044}</UniqueIdentifier>
    </Filter>
    <Filter Include="common modules\asn1">
      <UniqueIdentifier>{eff88fcb-5ae2-4544-aed1-951187a7192d}</UniqueIdentifier>
    </Filter>
  </ItemGroup>
  <ItemGroup>
    <None Include="..\modules\kull_m_kerberos_asn1.a1sproj">
      <Filter>common modules\asn1</Filter>
    </None>
    <None Include="..\modules\KerberosV5-PK-INIT-SPEC.asn">
      <Filter>common modules\asn1</Filter>
    </None>
    <None Include="..\modules\KerberosV5Spec2.asn">
      <Filter>common modules\asn1</Filter>
    </None>
    <None Include="..\modules\PKINIT.asn">
      <Filter>common modules\asn1</Filter>
    </None>
    <None Include="..\modules\PKIX1Explicit88.asn">
      <Filter>common modules\asn1</Filter>
    </None>
    <None Include="..\modules\MS-SFU-KILE.asn">
      <Filter>common modules\asn1</Filter>
    </None>
  </ItemGroup>
</Project>